
Microsoft Visual Studio Solution File, Format Version 11.00
# Visual Studio 2010
Project("{FAE04EC0-301F-11D3-BF4B-00C04F79EFBC}") = "Assembly-CSharp", "Assembly-CSharp.csproj", "{15978C0C-52A0-9316-7D5D-670BC5470E1A}"
EndProject
Project("{FAE04EC0-301F-11D3-BF4B-00C04F79EFBC}") = "Assembly-CSharp-Editor", "Assembly-CSharp-Editor.csproj", "{828984AC-E2F8-EE5E-B571-4E0B4ED194E5}"
EndProject
Global
	GlobalSection(SolutionConfigurationPlatforms) = preSolution
		Debug|Any CPU = Debug|Any CPU
		Release|Any CPU = Release|Any CPU
	EndGlobalSection
	GlobalSection(ProjectConfigurationPlatforms) = postSolution
		{15978C0C-52A0-9316-7D5D-670BC5470E1A}.Debug|Any CPU.ActiveCfg = Debug|Any CPU
		{15978C0C-52A0-9316-7D5D-670BC5470E1A}.Debug|Any CPU.Build.0 = Debug|Any CPU
		{15978C0C-52A0-9316-7D5D-670BC5470E1A}.Release|Any CPU.ActiveCfg = Release|Any CPU
		{15978C0C-52A0-9316-7D5D-670BC5470E1A}.Release|Any CPU.Build.0 = Release|Any CPU
		{828984AC-E2F8-EE5E-B571-4E0B4ED194E5}.Debug|Any CPU.ActiveCfg = Debug|Any CPU
		{828984AC-E2F8-EE5E-B571-4E0B4ED194E5}.Debug|Any CPU.Build.0 = Debug|Any CPU
		{828984AC-E2F8-EE5E-B571-4E0B4ED194E5}.Release|Any CPU.ActiveCfg = Release|Any CPU
		{828984AC-E2F8-EE5E-B571-4E0B4ED194E5}.Release|Any CPU.Build.0 = Release|Any CPU
	EndGlobalSection
	GlobalSection(SolutionProperties) = preSolution
		HideSolutionNode = FALSE
	EndGlobalSection
EndGlobal
